
Microsoft Visual Studio Solution File, Format Version 12.00
# Visual Studio Version 17
VisualStudioVersion = 17.0.31903.59
MinimumVisualStudioVersion = 10.0.40219.1
Project("{2150E333-8FDC-42A3-9474-1A3956D46DE8}") = "src", "src", "{1140E2C7-565C-4EF4-B76E-44FCA55AFCF1}"
EndProject
Project("{FAE04EC0-301F-11D3-BF4B-00C04F79EFBC}") = "MiParte.Contracts", "src\Contracts\MiParte.Contracts.csproj", "{74506BE2-172B-4DEB-8E65-359F641FADE1}"
EndProject
Project("{2150E333-8FDC-42A3-9474-1A3956D46DE8}") = "Core", "Core", "{56CD3F98-ECCE-44CD-B478-916EC2D8C350}"
EndProject
Project("{FAE04EC0-301F-11D3-BF4B-00C04F79EFBC}") = "MiParte.Core.Domain", "src\Core\Core.Domain\MiParte.Core.Domain.csproj", "{277323B5-58FC-4F45-A802-382B6DC3EDA4}"
EndProject
Project("{FAE04EC0-301F-11D3-BF4B-00C04F79EFBC}") = "MiParte.Core.Api", "src\Core\Core.Api\MiParte.Core.Api.csproj", "{5024B77C-9956-48A2-A0D7-33C1207B5935}"
EndProject
Project("{FAE04EC0-301F-11D3-BF4B-00C04F79EFBC}") = "MiParte.Core.Tests", "src\Core\Core.Tests\MiParte.Core.Tests.csproj", "{C1C00092-8A23-43DF-BB36-97C25986D9E1}"
EndProject
Project("{2150E333-8FDC-42A3-9474-1A3956D46DE8}") = "Assistant", "Assistant", "{2BE08B46-58F8-49B1-A1B2-8DB38122ACA4}"
EndProject
Project("{FAE04EC0-301F-11D3-BF4B-00C04F79EFBC}") = "MiParte.Assistant.Api", "src\Assistant\Assistant.Api\MiParte.Assistant.Api.csproj", "{AE455DC1-CF97-4308-9576-3C9E594D3975}"
EndProject
Project("{FAE04EC0-301F-11D3-BF4B-00C04F79EFBC}") = "MiParte.Web", "src\Web\MiParte.Web.csproj", "{81DAC463-B73B-4D03-9B3D-0AACA83E417D}"
EndProject
Project("{FAE04EC0-301F-11D3-BF4B-00C04F79EFBC}") = "MiParte.Core.Infrastructure", "src\Core\Core.Infrastructure\MiParte.Core.Infrastructure.csproj", "{3DAD1E02-2910-4285-AA85-2835AFBF4095}"
EndProject
Project("{2150E333-8FDC-42A3-9474-1A3956D46DE8}") = "BuildingBlocks", "BuildingBlocks", "{7399BE18-6FE0-4165-AB1D-ABFF4CDD06B7}"
EndProject
Project("{FAE04EC0-301F-11D3-BF4B-00C04F79EFBC}") = "MiParte.Auth", "src\BuildingBlocks\Auth\MiParte.Auth.csproj", "{08887E87-212F-49D3-A86B-8324BAAFF7D0}"
EndProject
Global
	GlobalSection(SolutionConfigurationPlatforms) = preSolution
		Debug|Any CPU = Debug|Any CPU
		Release|Any CPU = Release|Any CPU
	EndGlobalSection
	GlobalSection(SolutionProperties) = preSolution
		HideSolutionNode = FALSE
	EndGlobalSection
	GlobalSection(ProjectConfigurationPlatforms) = postSolution
		{74506BE2-172B-4DEB-8E65-359F641FADE1}.Debug|Any CPU.ActiveCfg = Debug|Any CPU
		{74506BE2-172B-4DEB-8E65-359F641FADE1}.Debug|Any CPU.Build.0 = Debug|Any CPU
		{74506BE2-172B-4DEB-8E65-359F641FADE1}.Release|Any CPU.ActiveCfg = Release|Any CPU
		{74506BE2-172B-4DEB-8E65-359F641FADE1}.Release|Any CPU.Build.0 = Release|Any CPU
		{277323B5-58FC-4F45-A802-382B6DC3EDA4}.Debug|Any CPU.ActiveCfg = Debug|Any CPU
		{277323B5-58FC-4F45-A802-382B6DC3EDA4}.Debug|Any CPU.Build.0 = Debug|Any CPU
		{277323B5-58FC-4F45-A802-382B6DC3EDA4}.Release|Any CPU.ActiveCfg = Release|Any CPU
		{277323B5-58FC-4F45-A802-382B6DC3EDA4}.Release|Any CPU.Build.0 = Release|Any CPU
		{5024B77C-9956-48A2-A0D7-33C1207B5935}.Debug|Any CPU.ActiveCfg = Debug|Any CPU
		{5024B77C-9956-48A2-A0D7-33C1207B5935}.Debug|Any CPU.Build.0 = Debug|Any CPU
		{5024B77C-9956-48A2-A0D7-33C1207B5935}.Release|Any CPU.ActiveCfg = Release|Any CPU
		{5024B77C-9956-48A2-A0D7-33C1207B5935}.Release|Any CPU.Build.0 = Release|Any CPU
		{C1C00092-8A23-43DF-BB36-97C25986D9E1}.Debug|Any CPU.ActiveCfg = Debug|Any CPU
		{C1C00092-8A23-43DF-BB36-97C25986D9E1}.Debug|Any CPU.Build.0 = Debug|Any CPU
		{C1C00092-8A23-43DF-BB36-97C25986D9E1}.Release|Any CPU.ActiveCfg = Release|Any CPU
		{C1C00092-8A23-43DF-BB36-97C25986D9E1}.Release|Any CPU.Build.0 = Release|Any CPU
		{AE455DC1-CF97-4308-9576-3C9E594D3975}.Debug|Any CPU.ActiveCfg = Debug|Any CPU
		{AE455DC1-CF97-4308-9576-3C9E594D3975}.Debug|Any CPU.Build.0 = Debug|Any CPU
		{AE455DC1-CF97-4308-9576-3C9E594D3975}.Release|Any CPU.ActiveCfg = Release|Any CPU
		{AE455DC1-CF97-4308-9576-3C9E594D3975}.Release|Any CPU.Build.0 = Release|Any CPU
		{81DAC463-B73B-4D03-9B3D-0AACA83E417D}.Debug|Any CPU.ActiveCfg = Debug|Any CPU
		{81DAC463-B73B-4D03-9B3D-0AACA83E417D}.Debug|Any CPU.Build.0 = Debug|Any CPU
		{81DAC463-B73B-4D03-9B3D-0AACA83E417D}.Release|Any CPU.ActiveCfg = Release|Any CPU
		{81DAC463-B73B-4D03-9B3D-0AACA83E417D}.Release|Any CPU.Build.0 = Release|Any CPU
		{3DAD1E02-2910-4285-AA85-2835AFBF4095}.Debug|Any CPU.ActiveCfg = Debug|Any CPU
		{3DAD1E02-2910-4285-AA85-2835AFBF4095}.Debug|Any CPU.Build.0 = Debug|Any CPU
		{3DAD1E02-2910-4285-AA85-2835AFBF4095}.Release|Any CPU.ActiveCfg = Release|Any CPU
		{3DAD1E02-2910-4285-AA85-2835AFBF4095}.Release|Any CPU.Build.0 = Release|Any CPU
		{08887E87-212F-49D3-A86B-8324BAAFF7D0}.Debug|Any CPU.ActiveCfg = Debug|Any CPU
		{08887E87-212F-49D3-A86B-8324BAAFF7D0}.Debug|Any CPU.Build.0 = Debug|Any CPU
		{08887E87-212F-49D3-A86B-8324BAAFF7D0}.Release|Any CPU.ActiveCfg = Release|Any CPU
		{08887E87-212F-49D3-A86B-8324BAAFF7D0}.Release|Any CPU.Build.0 = Release|Any CPU
	EndGlobalSection
	GlobalSection(NestedProjects) = preSolution
		{74506BE2-172B-4DEB-8E65-359F641FADE1} = {1140E2C7-565C-4EF4-B76E-44FCA55AFCF1}
		{56CD3F98-ECCE-44CD-B478-916EC2D8C350} = {1140E2C7-565C-4EF4-B76E-44FCA55AFCF1}
		{277323B5-58FC-4F45-A802-382B6DC3EDA4} = {56CD3F98-ECCE-44CD-B478-916EC2D8C350}
		{5024B77C-9956-48A2-A0D7-33C1207B5935} = {56CD3F98-ECCE-44CD-B478-916EC2D8C350}
		{C1C00092-8A23-43DF-BB36-97C25986D9E1} = {56CD3F98-ECCE-44CD-B478-916EC2D8C350}
		{2BE08B46-58F8-49B1-A1B2-8DB38122ACA4} = {1140E2C7-565C-4EF4-B76E-44FCA55AFCF1}
		{AE455DC1-CF97-4308-9576-3C9E594D3975} = {2BE08B46-58F8-49B1-A1B2-8DB38122ACA4}
		{81DAC463-B73B-4D03-9B3D-0AACA83E417D} = {1140E2C7-565C-4EF4-B76E-44FCA55AFCF1}
		{3DAD1E02-2910-4285-AA85-2835AFBF4095} = {56CD3F98-ECCE-44CD-B478-916EC2D8C350}
		{7399BE18-6FE0-4165-AB1D-ABFF4CDD06B7} = {1140E2C7-565C-4EF4-B76E-44FCA55AFCF1}
		{08887E87-212F-49D3-A86B-8324BAAFF7D0} = {7399BE18-6FE0-4165-AB1D-ABFF4CDD06B7}
	EndGlobalSection
EndGlobal
